[0m[1maws_db_parameter_group.pg: Refreshing state... [id=papyrus-pg16-min][0m
[0m[1maws_security_group.rds: Refreshing state... [id=sg-03afe280703d2b7b8][0m
[0m[1maws_db_subnet_group.this: Refreshing state... [id=papyrus-rds-subnet][0m
[0m[1maws_vpc_security_group_ingress_rule.from_tasks_5432: Refreshing state... [id=sgr-0cf1be2d3ddbcca5a][0m
[0m[1maws_db_instance.this: Refreshing state... [id=db-BGQHEIPEX73364Q33ARFWV2WGM][0m

Terraform used the selected providers to generate the following execution
plan. Resource actions are indicated with the following symbols:
  [32m+[0m create[0m

Terraform will perform the following actions:

[1m  # aws_vpc_security_group_ingress_rule.from_tasks_5432[0m will be created
[0m  [32m+[0m[0m resource "aws_vpc_security_group_ingress_rule" "from_tasks_5432" {
      [32m+[0m[0m arn                          = (known after apply)
      [32m+[0m[0m description                  = "ECS_tasks_to_RDS_5432"
      [32m+[0m[0m from_port                    = 5432
      [32m+[0m[0m id                           = (known after apply)
      [32m+[0m[0m ip_protocol                  = "tcp"
      [32m+[0m[0m referenced_security_group_id = "sg-0afffcf8d04818381"
      [32m+[0m[0m region                       = "us-west-2"
      [32m+[0m[0m security_group_id            = "sg-03afe280703d2b7b8"
      [32m+[0m[0m security_group_rule_id       = (known after apply)
      [32m+[0m[0m tags_all                     = {}
      [32m+[0m[0m to_port                      = 5432
    }

[1mPlan:[0m 1 to add, 0 to change, 0 to destroy.
[0m[0m[1maws_vpc_security_group_ingress_rule.from_tasks_5432: Creating...[0m[0m
[0m[1maws_vpc_security_group_ingress_rule.from_tasks_5432: Creation complete after 0s [id=sgr-07657af8f71ceacb2][0m
[33m╷[0m[0m
[33m│[0m [0m[1m[33mWarning: [0m[0m[1mAWS resource not found during refresh[0m
[33m│[0m [0m
[33m│[0m [0m[0m  with aws_vpc_security_group_ingress_rule.from_tasks_5432,
[33m│[0m [0m  on main.tf line 22, in resource "aws_vpc_security_group_ingress_rule" "from_tasks_5432":
[33m│[0m [0m  22: resource "aws_vpc_security_group_ingress_rule" "from_tasks_5432" [4m{[0m[0m
[33m│[0m [0m
[33m│[0m [0mAutomatically removing from Terraform State instead of returning the error, which may trigger resource recreation. Original error: couldn't find resource
[33m╵[0m[0m
[0m[1m[32m
Apply complete! Resources: 1 added, 0 changed, 0 destroyed.
[0m[0m[1m[32m
Outputs:

[0mrds_endpoint = "papyrus-pg16-dev.cpgeue8cgb54.us-west-2.rds.amazonaws.com"
rds_port = 5432
