[0m[1maws_db_subnet_group.this: Refreshing state... [id=papyrus-rds-subnet][0m
[0m[1maws_security_group.rds: Refreshing state... [id=<sg-id>][0m
[0m[1maws_db_parameter_group.pg: Refreshing state... [id=papyrus-pg16-min][0m
[0m[1maws_vpc_security_group_ingress_rule.from_tasks_5432: Refreshing state... [id=sgr-01f9fa2cbf6c31433][0m
[0m[1maws_db_instance.this: Refreshing state... [id=db-OHKTFEEK7NZ5IKXRM3ZTABK5L4][0m

[1m[36mNote:[0m[1m Objects have changed outside of Terraform
[0m
Terraform detected the following changes made outside of Terraform since the
last "terraform apply" which may have affected this plan:

[1m  # aws_db_instance.this[0m has been deleted
[0m  [31m-[0m[0m resource "aws_db_instance" "this" {
      [31m-[0m[0m address                               = "papyrus-pg16-dev.cpgeue8cgb54.us-west-2.rds.amazonaws.com" [90m-> null[0m[0m
        id                                    = "db-OHKTFEEK7NZ5IKXRM3ZTABK5L4"
      [31m-[0m[0m password_wo                           = (write-only attribute) [90m-> null[0m[0m
      [31m-[0m[0m port                                  = 5432 [90m-> null[0m[0m
        tags                                  = {
            "Env"     = "dev"
            "Owner"   = "self"
            "Project" = "papyrus"
        }
        [90m# (68 unchanged attributes hidden)[0m[0m
    }


Unless you have made equivalent changes to your configuration, or ignored the
relevant attributes using ignore_changes, the following plan may include
actions to undo or respond to these changes.
[90m
─────────────────────────────────────────────────────────────────────────────[0m

Terraform used the selected providers to generate the following execution
plan. Resource actions are indicated with the following symbols:
  [32m+[0m create[0m

Terraform will perform the following actions:

[1m  # aws_db_instance.this[0m will be created
[0m  [32m+[0m[0m resource "aws_db_instance" "this" {
      [32m+[0m[0m address                               = (known after apply)
      [32m+[0m[0m allocated_storage                     = 20
      [32m+[0m[0m apply_immediately                     = true
      [32m+[0m[0m arn                                   = (known after apply)
      [32m+[0m[0m auto_minor_version_upgrade            = true
      [32m+[0m[0m availability_zone                     = (known after apply)
      [32m+[0m[0m backup_retention_period               = 1
      [32m+[0m[0m backup_target                         = (known after apply)
      [32m+[0m[0m backup_window                         = (known after apply)
      [32m+[0m[0m ca_cert_identifier                    = (known after apply)
      [32m+[0m[0m character_set_name                    = (known after apply)
      [32m+[0m[0m copy_tags_to_snapshot                 = false
      [32m+[0m[0m database_insights_mode                = (known after apply)
      [32m+[0m[0m db_name                               = "papyrus"
      [32m+[0m[0m db_subnet_group_name                  = "papyrus-rds-subnet"
      [32m+[0m[0m dedicated_log_volume                  = false
      [32m+[0m[0m delete_automated_backups              = true
      [32m+[0m[0m deletion_protection                   = false
      [32m+[0m[0m domain_fqdn                           = (known after apply)
      [32m+[0m[0m endpoint                              = (known after apply)
      [32m+[0m[0m engine                                = "postgres"
      [32m+[0m[0m engine_lifecycle_support              = (known after apply)
      [32m+[0m[0m engine_version                        = "16"
      [32m+[0m[0m engine_version_actual                 = (known after apply)
      [32m+[0m[0m hosted_zone_id                        = (known after apply)
      [32m+[0m[0m id                                    = (known after apply)
      [32m+[0m[0m identifier                            = "papyrus-pg16-dev"
      [32m+[0m[0m identifier_prefix                     = (known after apply)
      [32m+[0m[0m instance_class                        = "db.t4g.micro"
      [32m+[0m[0m iops                                  = (known after apply)
      [32m+[0m[0m kms_key_id                            = (known after apply)
      [32m+[0m[0m latest_restorable_time                = (known after apply)
      [32m+[0m[0m license_model                         = (known after apply)
      [32m+[0m[0m listener_endpoint                     = (known after apply)
      [32m+[0m[0m maintenance_window                    = (known after apply)
      [32m+[0m[0m master_user_secret                    = (known after apply)
      [32m+[0m[0m master_user_secret_kms_key_id         = (known after apply)
      [32m+[0m[0m monitoring_interval                   = 0
      [32m+[0m[0m monitoring_role_arn                   = (known after apply)
      [32m+[0m[0m multi_az                              = false
      [32m+[0m[0m nchar_character_set_name              = (known after apply)
      [32m+[0m[0m network_type                          = (known after apply)
      [32m+[0m[0m option_group_name                     = (known after apply)
      [32m+[0m[0m parameter_group_name                  = "papyrus-pg16-min"
      [32m+[0m[0m password                              = (sensitive value)
      [32m+[0m[0m password_wo                           = (write-only attribute)
      [32m+[0m[0m performance_insights_enabled          = false
      [32m+[0m[0m performance_insights_kms_key_id       = (known after apply)
      [32m+[0m[0m performance_insights_retention_period = (known after apply)
      [32m+[0m[0m port                                  = (known after apply)
      [32m+[0m[0m publicly_accessible                   = false
      [32m+[0m[0m region                                = "us-west-2"
      [32m+[0m[0m replica_mode                          = (known after apply)
      [32m+[0m[0m replicas                              = (known after apply)
      [32m+[0m[0m resource_id                           = (known after apply)
      [32m+[0m[0m skip_final_snapshot                   = true
      [32m+[0m[0m snapshot_identifier                   = (known after apply)
      [32m+[0m[0m status                                = (known after apply)
      [32m+[0m[0m storage_encrypted                     = true
      [32m+[0m[0m storage_throughput                    = (known after apply)
      [32m+[0m[0m storage_type                          = (known after apply)
      [32m+[0m[0m tags                                  = {
          [32m+[0m[0m "Env"     = "dev"
          [32m+[0m[0m "Owner"   = "self"
          [32m+[0m[0m "Project" = "papyrus"
        }
      [32m+[0m[0m tags_all                              = {
          [32m+[0m[0m "Env"     = "dev"
          [32m+[0m[0m "Owner"   = "self"
          [32m+[0m[0m "Project" = "papyrus"
        }
      [32m+[0m[0m timezone                              = (known after apply)
      [32m+[0m[0m username                              = "papyrus"
      [32m+[0m[0m vpc_security_group_ids                = [
          [32m+[0m[0m "<sg-id>",
        ]
    }

[1m  # aws_vpc_security_group_ingress_rule.from_tasks_5432[0m will be created
[0m  [32m+[0m[0m resource "aws_vpc_security_group_ingress_rule" "from_tasks_5432" {
      [32m+[0m[0m arn                          = (known after apply)
      [32m+[0m[0m description                  = "ECS_tasks_to_RDS_5432"
      [32m+[0m[0m from_port                    = 5432
      [32m+[0m[0m id                           = (known after apply)
      [32m+[0m[0m ip_protocol                  = "tcp"
      [32m+[0m[0m referenced_security_group_id = "<sg-id>"
      [32m+[0m[0m region                       = "us-west-2"
      [32m+[0m[0m security_group_id            = "<sg-id>"
      [32m+[0m[0m security_group_rule_id       = (known after apply)
      [32m+[0m[0m tags_all                     = {}
      [32m+[0m[0m to_port                      = 5432
    }

[1mPlan:[0m 2 to add, 0 to change, 0 to destroy.
[0m
Changes to Outputs:
  [33m~[0m[0m rds_endpoint = "papyrus-pg16-dev.cpgeue8cgb54.us-west-2.rds.amazonaws.com" -> (known after apply)
  [33m~[0m[0m rds_port     = 5432 -> (known after apply)
[33m╷[0m[0m
[33m│[0m [0m[1m[33mWarning: [0m[0m[1mAWS resource not found during refresh[0m
[33m│[0m [0m
[33m│[0m [0m[0m  with aws_vpc_security_group_ingress_rule.from_tasks_5432,
[33m│[0m [0m  on main.tf line 22, in resource "aws_vpc_security_group_ingress_rule" "from_tasks_5432":
[33m│[0m [0m  22: resource "aws_vpc_security_group_ingress_rule" "from_tasks_5432" [4m{[0m[0m
[33m│[0m [0m
[33m│[0m [0mAutomatically removing from Terraform State instead of returning the error, which may trigger resource recreation. Original error: couldn't find resource
[33m╵[0m[0m
[90m
─────────────────────────────────────────────────────────────────────────────[0m

Note: You didn't use the -out option to save this plan, so Terraform can't
guarantee to take exactly these actions if you run "terraform apply" now.
